
Microsoft Visual Studio Solution File, Format Version 12.00
# Visual Studio Version 17
VisualStudioVersion = 17.9.34701.34
MinimumVisualStudioVersion = 10.0.40219.1
Project("{FAE04EC0-301F-11D3-BF4B-00C04F79EFBC}") = "Task Menager", "Task Menager.csproj", "{AD3CAEC9-6147-4583-AAA6-886004C27AE9}"
EndProject
Global
	GlobalSection(SolutionConfigurationPlatforms) = preSolution
		Debug|Any CPU = Debug|Any CPU
		Release|Any CPU = Release|Any CPU
	EndGlobalSection
	GlobalSection(ProjectConfigurationPlatforms) = postSolution
		{AD3CAEC9-6147-4583-AAA6-886004C27AE9}.Debug|Any CPU.ActiveCfg = Debug|Any CPU
		{AD3CAEC9-6147-4583-AAA6-886004C27AE9}.Debug|Any CPU.Build.0 = Debug|Any CPU
		{AD3CAEC9-6147-4583-AAA6-886004C27AE9}.Release|Any CPU.ActiveCfg = Release|Any CPU
		{AD3CAEC9-6147-4583-AAA6-886004C27AE9}.Release|Any CPU.Build.0 = Release|Any CPU
	EndGlobalSection
	GlobalSection(SolutionProperties) = preSolution
		HideSolutionNode = FALSE
	EndGlobalSection
	GlobalSection(ExtensibilityGlobals) = postSolution
		SolutionGuid = {52D43913-C30F-46C3-930B-90CEA52A6029}
	EndGlobalSection
EndGlobal
